
Microsoft Visual Studio Solution File, Format Version 12.00
# Visual Studio Version 16
VisualStudioVersion = 16.0.810.18
MinimumVisualStudioVersion = 10.0.40219.1
Project("{FAE04EC0-301F-11D3-BF4B-00C04F79EFBC}") = "TpServeur3", "TpServeur3.csproj", "{5227A5AE-AA19-4702-B54B-3369D2E0DF50}"
EndProject
Global
	GlobalSection(SolutionConfigurationPlatforms) = preSolution
		Debug|Any CPU = Debug|Any CPU
		Release|Any CPU = Release|Any CPU
	EndGlobalSection
	GlobalSection(ProjectConfigurationPlatforms) = postSolution
		{5227A5AE-AA19-4702-B54B-3369D2E0DF50}.Debug|Any CPU.ActiveCfg = Debug|Any CPU
		{5227A5AE-AA19-4702-B54B-3369D2E0DF50}.Debug|Any CPU.Build.0 = Debug|Any CPU
		{5227A5AE-AA19-4702-B54B-3369D2E0DF50}.Release|Any CPU.ActiveCfg = Release|Any CPU
		{5227A5AE-AA19-4702-B54B-3369D2E0DF50}.Release|Any CPU.Build.0 = Release|Any CPU
	EndGlobalSection
	GlobalSection(SolutionProperties) = preSolution
		HideSolutionNode = FALSE
	EndGlobalSection
	GlobalSection(ExtensibilityGlobals) = postSolution
		SolutionGuid = {45711284-B953-47B2-A130-C716B1D0B53B}
	EndGlobalSection
EndGlobal
