
Microsoft Visual Studio Solution File, Format Version 12.00
# Visual Studio Version 16
VisualStudioVersion = 16.0.31702.278
MinimumVisualStudioVersion = 10.0.40219.1
Project("{FAE04EC0-301F-11D3-BF4B-00C04F79EFBC}") = "TpServeur1", "TpServeur1\TpServeur1.csproj", "{1921EE69-4027-4FAC-BBC5-41CB41C8A474}"
EndProject
Global
	GlobalSection(SolutionConfigurationPlatforms) = preSolution
		Debug|Any CPU = Debug|Any CPU
		Release|Any CPU = Release|Any CPU
	EndGlobalSection
	GlobalSection(ProjectConfigurationPlatforms) = postSolution
		{1921EE69-4027-4FAC-BBC5-41CB41C8A474}.Debug|Any CPU.ActiveCfg = Debug|Any CPU
		{1921EE69-4027-4FAC-BBC5-41CB41C8A474}.Debug|Any CPU.Build.0 = Debug|Any CPU
		{1921EE69-4027-4FAC-BBC5-41CB41C8A474}.Release|Any CPU.ActiveCfg = Release|Any CPU
		{1921EE69-4027-4FAC-BBC5-41CB41C8A474}.Release|Any CPU.Build.0 = Release|Any CPU
	EndGlobalSection
	GlobalSection(SolutionProperties) = preSolution
		HideSolutionNode = FALSE
	EndGlobalSection
	GlobalSection(ExtensibilityGlobals) = postSolution
		SolutionGuid = {7F51DB55-1465-483D-911F-94D7DAE2F155}
	EndGlobalSection
EndGlobal
